
Microsoft Visual Studio Solution File, Format Version 12.00
# Visual Studio Version 16
VisualStudioVersion = 16.0.32126.315
MinimumVisualStudioVersion = 10.0.40219.1
Project("{FAE04EC0-301F-11D3-BF4B-00C04F79EFBC}") = "lab_9", "lab_9\lab_9.csproj", "{3E5BEF5D-C44C-46E5-AEFF-3EEEA9140723}"
EndProject
Global
	GlobalSection(SolutionConfigurationPlatforms) = preSolution
		Debug|Any CPU = Debug|Any CPU
		Release|Any CPU = Release|Any CPU
	EndGlobalSection
	GlobalSection(ProjectConfigurationPlatforms) = postSolution
		{3E5BEF5D-C44C-46E5-AEFF-3EEEA9140723}.Debug|Any CPU.ActiveCfg = Debug|Any CPU
		{3E5BEF5D-C44C-46E5-AEFF-3EEEA9140723}.Debug|Any CPU.Build.0 = Debug|Any CPU
		{3E5BEF5D-C44C-46E5-AEFF-3EEEA9140723}.Release|Any CPU.ActiveCfg = Release|Any CPU
		{3E5BEF5D-C44C-46E5-AEFF-3EEEA9140723}.Release|Any CPU.Build.0 = Release|Any CPU
	EndGlobalSection
	GlobalSection(SolutionProperties) = preSolution
		HideSolutionNode = FALSE
	EndGlobalSection
	GlobalSection(ExtensibilityGlobals) = postSolution
		SolutionGuid = {C78418AA-4FDB-4080-A740-5A91427ADAC5}
	EndGlobalSection
EndGlobal
