
Microsoft Visual Studio Solution File, Format Version 12.00
# Visual Studio Version 16
VisualStudioVersion = 16.0.32126.315
MinimumVisualStudioVersion = 10.0.40219.1
Project("{FAE04EC0-301F-11D3-BF4B-00C04F79EFBC}") = "lab_5", "lab_5\lab_5.csproj", "{445AE1A9-DC85-4E1B-AC04-A0D2D8C08014}"
EndProject
Global
	GlobalSection(SolutionConfigurationPlatforms) = preSolution
		Debug|Any CPU = Debug|Any CPU
		Release|Any CPU = Release|Any CPU
	EndGlobalSection
	GlobalSection(ProjectConfigurationPlatforms) = postSolution
		{445AE1A9-DC85-4E1B-AC04-A0D2D8C08014}.Debug|Any CPU.ActiveCfg = Debug|Any CPU
		{445AE1A9-DC85-4E1B-AC04-A0D2D8C08014}.Debug|Any CPU.Build.0 = Debug|Any CPU
		{445AE1A9-DC85-4E1B-AC04-A0D2D8C08014}.Release|Any CPU.ActiveCfg = Release|Any CPU
		{445AE1A9-DC85-4E1B-AC04-A0D2D8C08014}.Release|Any CPU.Build.0 = Release|Any CPU
	EndGlobalSection
	GlobalSection(SolutionProperties) = preSolution
		HideSolutionNode = FALSE
	EndGlobalSection
	GlobalSection(ExtensibilityGlobals) = postSolution
		SolutionGuid = {A2E0CD55-8033-4D02-BEA8-6A2658FA0AD8}
	EndGlobalSection
EndGlobal
