
Microsoft Visual Studio Solution File, Format Version 12.00
# Visual Studio Version 16
VisualStudioVersion = 16.0.32126.315
MinimumVisualStudioVersion = 10.0.40219.1
Project("{FAE04EC0-301F-11D3-BF4B-00C04F79EFBC}") = "lab_3", "lab_3\lab_3.csproj", "{C8B13819-AACA-4795-93CB-D1DE02E9FC48}"
EndProject
Project("{FAE04EC0-301F-11D3-BF4B-00C04F79EFBC}") = "lab_3Tests", "lab_3Tests\lab_3Tests.csproj", "{FA6847D6-EA97-4F7F-A2F9-A22DCD631FB6}"
EndProject
Global
	GlobalSection(SolutionConfigurationPlatforms) = preSolution
		Debug|Any CPU = Debug|Any CPU
		Release|Any CPU = Release|Any CPU
	EndGlobalSection
	GlobalSection(ProjectConfigurationPlatforms) = postSolution
		{C8B13819-AACA-4795-93CB-D1DE02E9FC48}.Debug|Any CPU.ActiveCfg = Debug|Any CPU
		{C8B13819-AACA-4795-93CB-D1DE02E9FC48}.Debug|Any CPU.Build.0 = Debug|Any CPU
		{C8B13819-AACA-4795-93CB-D1DE02E9FC48}.Release|Any CPU.ActiveCfg = Release|Any CPU
		{C8B13819-AACA-4795-93CB-D1DE02E9FC48}.Release|Any CPU.Build.0 = Release|Any CPU
		{FA6847D6-EA97-4F7F-A2F9-A22DCD631FB6}.Debug|Any CPU.ActiveCfg = Debug|Any CPU
		{FA6847D6-EA97-4F7F-A2F9-A22DCD631FB6}.Debug|Any CPU.Build.0 = Debug|Any CPU
		{FA6847D6-EA97-4F7F-A2F9-A22DCD631FB6}.Release|Any CPU.ActiveCfg = Release|Any CPU
		{FA6847D6-EA97-4F7F-A2F9-A22DCD631FB6}.Release|Any CPU.Build.0 = Release|Any CPU
	EndGlobalSection
	GlobalSection(SolutionProperties) = preSolution
		HideSolutionNode = FALSE
	EndGlobalSection
	GlobalSection(ExtensibilityGlobals) = postSolution
		SolutionGuid = {0771D79F-F204-426D-88E5-1C3DBB0F2D4B}
	EndGlobalSection
EndGlobal
